
Microsoft Visual Studio Solution File, Format Version 12.00
# Visual Studio Version 16
VisualStudioVersion = 16.0.36107.64
MinimumVisualStudioVersion = 10.0.40219.1
Project("{FAE04EC0-301F-11D3-BF4B-00C04F79EFBC}") = "API单元测试", "API单元测试.csproj", "{7ABAB47A-0BAE-4156-810F-3BCBE14B1DE7}"
EndProject
Global
	GlobalSection(SolutionConfigurationPlatforms) = preSolution
		Debug|Any CPU = Debug|Any CPU
		Debug|x64 = Debug|x64
		Release|Any CPU = Release|Any CPU
		Release|x64 = Release|x64
	EndGlobalSection
	GlobalSection(ProjectConfigurationPlatforms) = postSolution
		{7ABAB47A-0BAE-4156-810F-3BCBE14B1DE7}.Debug|Any CPU.ActiveCfg = Debug|Any CPU
		{7ABAB47A-0BAE-4156-810F-3BCBE14B1DE7}.Debug|Any CPU.Build.0 = Debug|Any CPU
		{7ABAB47A-0BAE-4156-810F-3BCBE14B1DE7}.Debug|x64.ActiveCfg = Debug|x64
		{7ABAB47A-0BAE-4156-810F-3BCBE14B1DE7}.Debug|x64.Build.0 = Debug|x64
		{7ABAB47A-0BAE-4156-810F-3BCBE14B1DE7}.Release|Any CPU.ActiveCfg = Release|Any CPU
		{7ABAB47A-0BAE-4156-810F-3BCBE14B1DE7}.Release|Any CPU.Build.0 = Release|Any CPU
		{7ABAB47A-0BAE-4156-810F-3BCBE14B1DE7}.Release|x64.ActiveCfg = Release|x64
		{7ABAB47A-0BAE-4156-810F-3BCBE14B1DE7}.Release|x64.Build.0 = Release|x64
	EndGlobalSection
	GlobalSection(SolutionProperties) = preSolution
		HideSolutionNode = FALSE
	EndGlobalSection
	GlobalSection(ExtensibilityGlobals) = postSolution
		SolutionGuid = {FFD2FB9A-F1BC-4DC2-A476-F2230FDC09BE}
	EndGlobalSection
EndGlobal
